{
    "_meta": {
        "hash": {
            "sha256": "2a9df9b12fbba9c75385544f8f58f1e071bb21e7a934fad7f3c8f52cdba46832"
        },
        "pipfile-spec": 6,
        "requires": {},
        "sources": [
            {
                "name": "pypi",
                "url": "https://pypi.python.org/simple",
                "verify_ssl": true
            }
        ]
    },
    "default": {
        "apscheduler": {
            "hashes": [
                "sha256:3bb5229eed6fbbdafc13ce962712ae66e175aa214c69bed35a06bffcf0c5e244",
                "sha256:e8b1ecdb4c7cb2818913f766d5898183c7cb8936680710a4d3a966e02262e526"
            ],
            "version": "==3.6.3"
        },
        "btrees": {
            "hashes": [
                "sha256:05fe8a71adbffe0e243a31f8d4afbd5d32102ee7620e5a254ce52b8c7479e48a",
                "sha256:0a3a06961d5d99afe99b8b91953dc2a7e0cf22aff169580649af8543302eafcc",
                "sha256:11c5156542cf9513767a6adcc2bced05ed5f5e1b010334c79353664ba96ef8d2",
                "sha256:126eacab1e0905d1b51c3328ccd9c2f349b5c3c3f696b52229ed1a4c0b3d7ef5",
                "sha256:15d5e0064808180519bbcb461980174c0635367931cb5530be4d6b29c7641d91",
                "sha256:18b72298fc4a6bb86b7ccd24aa3cd8030723ced2821cfaf17363fa55745db4d9",
                "sha256:19a00218cea44b4e19270232e98fdf58c6adbef4d60ba89ff2f1a9a04d68f638",
                "sha256:1ae269767be2c0997a934163c0a75615b6c73b7f28a1d5b2f27dc802964fe384",
                "sha256:1b1a462c88603d1693d14957adda65ed2aa84ab14dbad8aa095e105847d9fc65",
                "sha256:1cea22538641467b4a6e5e723f7ca20b9f3e6b3380744feba514f57aae82fa5b",
                "sha256:1f21602edfe3ab95cff2c46518fe4b737c70a53731abc6f13bb68a7d9fb00d35",
                "sha256:231424d5c578447fccf84ff189519af76d96d7beb00534508a072e791645a55c",
                "sha256:24de5d2c8be25305899f4a7d226996fa8fff2845e9d7628351ac845cd8c84101",
                "sha256:31306c435fb10c6973348022ed264a901043268fe3ce8b2329419382499002e6",
                "sha256:31bab93b1c3ca2b796defc1daaad2a9ed6f201cffc73005aa3a66953f30f2f1d",
                "sha256:39501b6e568bd676bc8fb3f1ca7937e3edcace2ee1c5cefc717dc0da0225b86c",
                "sha256:3dbf8c57fba79f449f8342a605e11cc5f2c43d72bf192283478376a48fa6632a",
                "sha256:3f28c5adf81a938a1ac17f63537bd29c2ab624b523b0287b758be4f1f496f8aa",
                "sha256:49dbef834d394fb041497bdfd26490e26b77ce2d13f4c58165b7af428f0e02e2",
                "sha256:54d4f8d8d82f5f44f704e3a7dece9195db3d748e8c9c7e7999d8e630dcc88acc",
                "sha256:65ac504770508c04f697509581146f8d00b4c0ed5e3829971e1adc2b72f145ed",
                "sha256:6943a95baa161d6b0996a74a1887c0a66c7f7b255d108d817f29be042e64a040",
                "sha256:6b9e350a75053ad4b0b9174f1807dc3d062028361a0e7e90adcc64be0548c536",
                "sha256:6e10b40fcb6cc1cf1dba64a4a0cde14333546ffec9db04d4223c5e6c8dd6c497",
                "sha256:6fcd4dfcfc97e94009fde9ce5972fc4882697e44211c09d8cd016e4ae04148aa",
                "sha256:836a5c25f741f4002c776f088cc1447873bf56307b6069375ecd80836f82cd9b",
                "sha256:8bdefd770f323342e99205cc25389b59de3711764037fa94c2a411da7569a0cc",
                "sha256:8c818f5277a4d70cb88fe624253bc91cc71c9cf655201710be8db50a1d52b145",
                "sha256:93db8b8d416d290f164913ee95f02bf5cb7bf6aaa4660be2eeb65e4eb18d0e1e",
                "sha256:94a755825576e6f3a8885e2237c8271a73d90279d3652b903ce01b4a2660517a",
                "sha256:9a4df50d2b99ff3b13762f5af7493dd30c87aa6d1086e3bb156243d6bd3399d7",
                "sha256:a844226fd61eb1d0b5716815e309d2be4e3d9e37f620798940d933556157103c",
                "sha256:a97bcb7f5c7ee5cef755c97b1358041aeac78962ccde31979ad8c0bb55d6de08",
                "sha256:b0403a79d29846d2df72b7dc2572d81687a68ed52b087b884aff9245944af8cb",
                "sha256:b7a2666e0c483f6827446bc11734aa41961b15ad77b4b99a9f88a8e704fc57ea",
                "sha256:bc20aeea465167bb46b8b1bf5bc1628a0b8adab54292ec0d1f892b6b75099600",
                "sha256:bd3949ec5f870bee9f44cbbbc230f4d19135c25e2f071043aaf46799536d5acb",
                "sha256:c09fae589d980b16a8c2e5ec10004e07a958616a1459fdcbec83aac936a7a749",
                "sha256:c1ad3332c9d64ad98438491f7bd167432c0c10bd779ab474a87a71b4d2374ebe",
                "sha256:cceef6d1434b1e166cefb4e52066e6a0d5dfb6d45f3499208262be7f7c1b13dd",
                "sha256:d33323655924192c4ac998d9ee3002e787915d19c1e17a6baf47c9a63d9556e3",
                "sha256:db6fa53c19bc9487135c5eb603d3b2390d1c1f7665e3385e9f0f3e39f981db3d",
                "sha256:e82a98266b48aa5eed85361965c6e1d6ddc9b1c6e1f6a433ab3686826e464cf0",
                "sha256:ed565cf2331e1c66c84aa68d565b7fe4ce40c91e45e7e83be026fc9f8f1e64ff",
                "sha256:efd31673fd215db940159a6110ee765685cc41a50f1f7165e24e14d9fb56b903",
                "sha256:f2404c33467c11c8b89ffa9dc6bba475019010bcb2296bfea623b8bc7a1584f8"
            ],
            "version": "==4.9.2"
        },
        "cachetools": {
            "hashes": [
                "sha256:2cc0b89715337ab6dbba85b5b50effe2b0c74e035d83ee8ed637cf52f12ae001",
                "sha256:61b5ed1e22a0924aed1d23b478f37e8d52549ff8a961de2909c69bf950020cff"
            ],
            "markers": "python_version ~= '3.5'",
            "version": "==4.2.2"
        },
        "certifi": {
            "hashes": [
                "sha256:2bbf76fd432960138b3ef6dda3dde0544f27cbf8546c458e60baf371917ba9ee",
                "sha256:50b1e4f8446b06f41be7dd6338db18e0990601dce795c2b1686458aa7e8fa7d8"
            ],
            "version": "==2021.5.30"
        },
        "cffi": {
            "hashes": [
                "sha256:06c54a68935738d206570b20da5ef2b6b6d92b38ef3ec45c5422c0ebaf338d4d",
                "sha256:0c0591bee64e438883b0c92a7bed78f6290d40bf02e54c5bf0978eaf36061771",
                "sha256:19ca0dbdeda3b2615421d54bef8985f72af6e0c47082a8d26122adac81a95872",
                "sha256:22b9c3c320171c108e903d61a3723b51e37aaa8c81255b5e7ce102775bd01e2c",
                "sha256:26bb2549b72708c833f5abe62b756176022a7b9a7f689b571e74c8478ead51dc",
                "sha256:33791e8a2dc2953f28b8d8d300dde42dd929ac28f974c4b4c6272cb2955cb762",
                "sha256:3c8d896becff2fa653dc4438b54a5a25a971d1f4110b32bd3068db3722c80202",
                "sha256:4373612d59c404baeb7cbd788a18b2b2a8331abcc84c3ba40051fcd18b17a4d5",
                "sha256:487d63e1454627c8e47dd230025780e91869cfba4c753a74fda196a1f6ad6548",
                "sha256:48916e459c54c4a70e52745639f1db524542140433599e13911b2f329834276a",
                "sha256:4922cd707b25e623b902c86188aca466d3620892db76c0bdd7b99a3d5e61d35f",
                "sha256:55af55e32ae468e9946f741a5d51f9896da6b9bf0bbdd326843fec05c730eb20",
                "sha256:57e555a9feb4a8460415f1aac331a2dc833b1115284f7ded7278b54afc5bd218",
                "sha256:5d4b68e216fc65e9fe4f524c177b54964af043dde734807586cf5435af84045c",
                "sha256:64fda793737bc4037521d4899be780534b9aea552eb673b9833b01f945904c2e",
                "sha256:6d6169cb3c6c2ad50db5b868db6491a790300ade1ed5d1da29289d73bbe40b56",
                "sha256:7bcac9a2b4fdbed2c16fa5681356d7121ecabf041f18d97ed5b8e0dd38a80224",
                "sha256:80b06212075346b5546b0417b9f2bf467fea3bfe7352f781ffc05a8ab24ba14a",
                "sha256:818014c754cd3dba7229c0f5884396264d51ffb87ec86e927ef0be140bfdb0d2",
                "sha256:8eb687582ed7cd8c4bdbff3df6c0da443eb89c3c72e6e5dcdd9c81729712791a",
                "sha256:99f27fefe34c37ba9875f224a8f36e31d744d8083e00f520f133cab79ad5e819",
                "sha256:9f3e33c28cd39d1b655ed1ba7247133b6f7fc16fa16887b120c0c670e35ce346",
                "sha256:a8661b2ce9694ca01c529bfa204dbb144b275a31685a075ce123f12331be790b",
                "sha256:a9da7010cec5a12193d1af9872a00888f396aba3dc79186604a09ea3ee7c029e",
                "sha256:aedb15f0a5a5949ecb129a82b72b19df97bbbca024081ed2ef88bd5c0a610534",
                "sha256:b315d709717a99f4b27b59b021e6207c64620790ca3e0bde636a6c7f14618abb",
                "sha256:ba6f2b3f452e150945d58f4badd92310449876c4c954836cfb1803bdd7b422f0",
                "sha256:c33d18eb6e6bc36f09d793c0dc58b0211fccc6ae5149b808da4a62660678b156",
                "sha256:c9a875ce9d7fe32887784274dd533c57909b7b1dcadcc128a2ac21331a9765dd",
                "sha256:c9e005e9bd57bc987764c32a1bee4364c44fdc11a3cc20a40b93b444984f2b87",
                "sha256:d2ad4d668a5c0645d281dcd17aff2be3212bc109b33814bbb15c4939f44181cc",
                "sha256:d950695ae4381ecd856bcaf2b1e866720e4ab9a1498cba61c602e56630ca7195",
                "sha256:e22dcb48709fc51a7b58a927391b23ab37eb3737a98ac4338e2448bef8559b33",
                "sha256:e8c6a99be100371dbb046880e7a282152aa5d6127ae01783e37662ef73850d8f",
                "sha256:e9dc245e3ac69c92ee4c167fbdd7428ec1956d4e754223124991ef29eb57a09d",
                "sha256:eb687a11f0a7a1839719edd80f41e459cc5366857ecbed383ff376c4e3cc6afd",
                "sha256:eb9e2a346c5238a30a746893f23a9535e700f8192a68c07c0258e7ece6ff3728",
                "sha256:ed38b924ce794e505647f7c331b22a693bee1538fdf46b0222c4717b42f744e7",
                "sha256:f0010c6f9d1a4011e429109fda55a225921e3206e7f62a0c22a35344bfd13cca",
                "sha256:f0c5d1acbfca6ebdd6b1e3eded8d261affb6ddcf2186205518f1428b8569bb99",
                "sha256:f10afb1004f102c7868ebfe91c28f4a712227fe4cb24974350ace1f90e1febbf",
                "sha256:f174135f5609428cc6e1b9090f9268f5c8935fddb1b25ccb8255a2d50de6789e",
                "sha256:f3ebe6e73c319340830a9b2825d32eb6d8475c1dac020b4f0aa774ee3b898d1c",
                "sha256:f627688813d0a4140153ff532537fbe4afea5a3dffce1f9deb7f91f848a832b5",
                "sha256:fd4305f86f53dfd8cd3522269ed7fc34856a8ee3709a5e28b2836b2db9d4cd69"
            ],
            "version": "==1.14.6"
        },
        "charset-normalizer": {
            "hashes": [
                "sha256:0c8911edd15d19223366a194a513099a302055a962bca2cec0f54b8b63175d8b",
                "sha256:f23667ebe1084be45f6ae0538e4a5a865206544097e4e8bbcacf42cd02a348f3"
            ],
            "markers": "python_version >= '3'",
            "version": "==2.0.4"
        },
        "idna": {
            "hashes": [
                "sha256:14475042e284991034cb48e06f6851428fb14c4dc953acd9be9a5e95c7b6dd7a",
                "sha256:467fbad99067910785144ce333826c71fb0e63a425657295239737f7ecd125f3"
            ],
            "markers": "python_version >= '3'",
            "version": "==3.2"
        },
        "persistent": {
            "hashes": [
                "sha256:015321f4f5ec64511b33e921289412ac0e05577165be05f1f65369dfdb047732",
                "sha256:0bbb7d2ed58593a030654cbef796276315f4f5c9281712fb857d35a0ad73fcdc",
                "sha256:0c023f0bb3a6b695b1a8bdc66ed304bcdd0475bc6bff4a2b2fb0143584cb5ef9",
                "sha256:0d78f09277ef498ed35e69ee9dd1faaea9fb95dda3c0b206ee83b6370006eaf9",
                "sha256:0ef7c05a6dca0104dc224fe7ff31feb30a63d970421c9462104a4752148ac333",
                "sha256:0fe7b8cb88b69d8d5cbdace47acfe2db1601c229ce168573c252aff9385f5f9d",
                "sha256:10e00d6d6e4cf5d39a24e66c213487dfdca4d407b00befd5c5081741abd5065b",
                "sha256:2b4f40ff65b97f2fb07b7c395fe9172f515a964053998a2425c84c6e7703501d",
                "sha256:2d91c44c29ded2c5b49380888026580b2c4504ae405710be3f0c92b8cb1f47c9",
                "sha256:3ad1734cc73426160eb91a21221fab5bf396fa256a438c94b6b3db34d406a130",
                "sha256:3e070624bb8ce4f7e3efaba64387196506f933821470aa55403e5cd5e3ee5ae3",
                "sha256:4027df8bbdec7144a522e15025dd3d49a08c2ffbb9df58fe6aa380234a602663",
                "sha256:40d77c76d15af0a9422d9767a81dfa5755536fe98739471130ca8c1c2d90b302",
                "sha256:4495431ef01b7b0ceb0ea4f3d157e950fd3fd8f7b9b86790da7ddd3b58e90e3f",
                "sha256:476244939854f3b0d859dbc0bc9cafcec3ece9a4a311fdc05bb21527975ecebd",
                "sha256:491733de9645764f1a9d3b3d89bc2f19641343fd8b1d8e32059c2fbccf29de55",
                "sha256:4d5dfcfe72a92bc323dd4ae88f95ba2e7e535461d57afc2a0b29c35cf32a35cd",
                "sha256:4f8ed5255bc8b44694395f38a958a23c1870d24241e6f9da943ec873464d0bd8",
                "sha256:52b5e0d7064e351739390be772b495c87d0ec5f6414c8ef0756c6ee0dafb6866",
                "sha256:5995cfdce1bf018a42f6ee37c5cd8dc59ceab6038ab927ceda3350a561d2b0ce",
                "sha256:59f24cfd0dc7cf7a48afb8f395bf744bb67a1ed7da1d97391cfdac6a3406005a",
                "sha256:658c59889e8aaba0a5c66920602843a667b3e5a6d8a8bfe3f4c4cda3d92fb8ef",
                "sha256:6e517516e1fb81f9a7729563b5a80909283c08a03955515b6df9b2a2c5d07f9f",
                "sha256:6e81d688a860302d3e0557df1608ebae9433f8777062872e1d9ce4b9e773b196",
                "sha256:6f5ae1f3f175fb5ab7da4d78354024426b782b3eb24df73fc309cafe1cb17ff9",
                "sha256:707515d11a643a2ebb9fe977df1105fad212f11c6255b10caa6f438570c1f8b1",
                "sha256:722b419b03ed891d2fbca6b34327679c9944178ac6abadb542f5d749e39575a6",
                "sha256:728bed907ed51a004a0623e5e17490fc9aee1deb39828dc060b56af625861689",
                "sha256:885136c230176b26dbf498285a9cabe77d3ac9b326d2c8644a5711b54009556a",
                "sha256:9c9e4e1d54f261e02c3d38b0d844d72c3ec18044b81eef545638d4a18824c9f7",
                "sha256:a052d813446eaf248939a764602818a2ebb5526f3fcd4f706c50974afddc38fe",
                "sha256:a7584711a60f0bf09101155454ec03d7c9201ee4a05ec2301015bf8b99af2977",
                "sha256:a965e8603d6368d65a1efd1629b527a77fdca6c5316e63551799259153795c97",
                "sha256:b33a7eb7e2f33abfe62d941932bd08f2bd7c28628b8f358637d63d7fc5bc1408",
                "sha256:b418923f6f6830bcd6fd79b87e5ec5c55efc74d2d60e0d9add2fd81206caff0c",
                "sha256:b71276d5333b361026c86ccc23ee6b3e276a356a1252de1bd3438a35e7156c31",
                "sha256:bcb026bf7c6ed2b2061aaf776ad0391cc11ba47f357c593e5432c546e19e2d1c",
                "sha256:c0cbf74b40b78b6a5139dc6a89684dd870c9890d85f6e9d2b8ded8f61eddc87f",
                "sha256:c28bc93512c498f0e8bf7ff86d7544781bbda13ea04d17f48df1270733fe1fa0",
                "sha256:c7260ab1417339910205f0d192eaafcacb3e809a0e7d34c849cb822ab78fa504",
                "sha256:cc915eb9dcd1289d96cdee9483526be6ecec0c0e5678e0d4000c67c519a68ee5",
                "sha256:cd1f1a3ddfae3d06d222e407f308a90681d9bc78dcd7ec3ea32f8a2e48c57962",
                "sha256:d9811b5e4b9ec179e0d149d69508e5cee36ad2fd825b63764d4c8fdeeff66f1e",
                "sha256:dc5e09f1e55a3f8c34c68e13ada0baea5f14bfa7815a402eb1a8d07eace123ac",
                "sha256:deef61ddba607e91b70c4279614e138f45237bb045f18e272fa5fbbac5b02d2e",
                "sha256:ec3bcd94696224c06b4fb33075e0c1c691778214c9cbe37a4a526c1729630b22",
                "sha256:ed939f58937f43a67a0f60abb0057e7f31e90d35b6a215159b04248368696930",
                "sha256:f1dc3717293bc57ef577b7434028217a2b1740bd6b3f862a033e66b378ed5f35",
                "sha256:f76fc9e150bdea85fe0a33bbfd16c75442940f06638fae5ec5052bb7da8c3977",
                "sha256:f8f9f68e17110387c59cf859a1ed1c40f084624e473334f20e9434c55a71713f",
                "sha256:fc8872087ad14b24b58cdc47b64b62de56e0da3fab1093ed044369af054c50eb"
            ],
            "version": "==4.7.0"
        },
        "pycparser": {
            "hashes": [
                "sha256:2d475327684562c3a96cc71adf7dc8c4f0565175cf86b6d7a404ff4c771f15f0",
                "sha256:7582ad22678f0fcd81102833f60ef8d0e57288b6b5fb00323d101be910e35705"
            ],
            "markers": "python_version >= '2.7' and python_version not in '3.0, 3.1, 3.2, 3.3'",
            "version": "==2.20"
        },
        "python-telegram-bot": {
            "hashes": [
                "sha256:24df75459e335b96baffa6991679f844bd426978af5a69ca419a0ac43a40602c",
                "sha256:3bf210862744068aa789d5110f8e3a00d98912ce50863384836440a18abf76b5"
            ],
            "index": "pypi",
            "version": "==13.7"
        },
        "pytz": {
            "hashes": [
                "sha256:83a4a90894bf38e243cf052c8b58f381bfe9a7a483f6a9cab140bc7f702ac4da",
                "sha256:eb10ce3e7736052ed3623d49975ce333bcd712c7bb19a58b9e2089d4057d0798"
            ],
            "version": "==2021.1"
        },
        "requests": {
            "hashes": [
                "sha256:6c1246513ecd5ecd4528a0906f910e8f0f9c6b8ec72030dc9fd154dc1a6efd24",
                "sha256:b8aa58f8cf793ffd8782d3d8cb19e66ef36f7aba4353eec859e74678b01b07a7"
            ],
            "index": "pypi",
            "version": "==2.26.0"
        },
        "six": {
            "hashes": [
                "sha256:1e61c37477a1626458e36f7b1d82aa5c9b094fa4802892072e49de9c60c4c926",
                "sha256:8abb2f1d86890a2dfb989f9a77cfcfd3e47c2a354b01111771326f8aa26e0254"
            ],
            "markers": "python_version >= '2.7' and python_version not in '3.0, 3.1, 3.2, 3.3'",
            "version": "==1.16.0"
        },
        "tornado": {
            "hashes": [
                "sha256:0a00ff4561e2929a2c37ce706cb8233b7907e0cdc22eab98888aca5dd3775feb",
                "sha256:0d321a39c36e5f2c4ff12b4ed58d41390460f798422c4504e09eb5678e09998c",
                "sha256:1e8225a1070cd8eec59a996c43229fe8f95689cb16e552d130b9793cb570a288",
                "sha256:20241b3cb4f425e971cb0a8e4ffc9b0a861530ae3c52f2b0434e6c1b57e9fd95",
                "sha256:25ad220258349a12ae87ede08a7b04aca51237721f63b1808d39bdb4b2164558",
                "sha256:33892118b165401f291070100d6d09359ca74addda679b60390b09f8ef325ffe",
                "sha256:33c6e81d7bd55b468d2e793517c909b139960b6c790a60b7991b9b6b76fb9791",
                "sha256:3447475585bae2e77ecb832fc0300c3695516a47d46cefa0528181a34c5b9d3d",
                "sha256:34ca2dac9e4d7afb0bed4677512e36a52f09caa6fded70b4e3e1c89dbd92c326",
                "sha256:3e63498f680547ed24d2c71e6497f24bca791aca2fe116dbc2bd0ac7f191691b",
                "sha256:548430be2740e327b3fe0201abe471f314741efcb0067ec4f2d7dcfb4825f3e4",
                "sha256:6196a5c39286cc37c024cd78834fb9345e464525d8991c21e908cc046d1cc02c",
                "sha256:61b32d06ae8a036a6607805e6720ef00a3c98207038444ba7fd3d169cd998910",
                "sha256:6286efab1ed6e74b7028327365cf7346b1d777d63ab30e21a0f4d5b275fc17d5",
                "sha256:65d98939f1a2e74b58839f8c4dab3b6b3c1ce84972ae712be02845e65391ac7c",
                "sha256:66324e4e1beede9ac79e60f88de548da58b1f8ab4b2f1354d8375774f997e6c0",
                "sha256:6c77c9937962577a6a76917845d06af6ab9197702a42e1346d8ae2e76b5e3675",
                "sha256:70dec29e8ac485dbf57481baee40781c63e381bebea080991893cd297742b8fd",
                "sha256:7250a3fa399f08ec9cb3f7b1b987955d17e044f1ade821b32e5f435130250d7f",
                "sha256:748290bf9112b581c525e6e6d3820621ff020ed95af6f17fedef416b27ed564c",
                "sha256:7da13da6f985aab7f6f28debab00c67ff9cbacd588e8477034c0652ac141feea",
                "sha256:8f959b26f2634a091bb42241c3ed8d3cedb506e7c27b8dd5c7b9f745318ddbb6",
                "sha256:9de9e5188a782be6b1ce866e8a51bc76a0fbaa0e16613823fc38e4fc2556ad05",
                "sha256:a48900ecea1cbb71b8c71c620dee15b62f85f7c14189bdeee54966fbd9a0c5bd",
                "sha256:b87936fd2c317b6ee08a5741ea06b9d11a6074ef4cc42e031bc6403f82a32575",
                "sha256:c77da1263aa361938476f04c4b6c8916001b90b2c2fdd92d8d535e1af48fba5a",
                "sha256:cb5ec8eead331e3bb4ce8066cf06d2dfef1bfb1b2a73082dfe8a161301b76e37",
                "sha256:cc0ee35043162abbf717b7df924597ade8e5395e7b66d18270116f8745ceb795",
                "sha256:d14d30e7f46a0476efb0deb5b61343b1526f73ebb5ed84f23dc794bdb88f9d9f",
                "sha256:d371e811d6b156d82aa5f9a4e08b58debf97c302a35714f6f45e35139c332e32",
                "sha256:d3d20ea5782ba63ed13bc2b8c291a053c8d807a8fa927d941bd718468f7b950c",
                "sha256:d3f7594930c423fd9f5d1a76bee85a2c36fd8b4b16921cae7e965f22575e9c01",
                "sha256:dcef026f608f678c118779cd6591c8af6e9b4155c44e0d1bc0c87c036fb8c8c4",
                "sha256:e0791ac58d91ac58f694d8d2957884df8e4e2f6687cdf367ef7eb7497f79eaa2",
                "sha256:e385b637ac3acaae8022e7e47dfa7b83d3620e432e3ecb9a3f7f58f150e50921",
                "sha256:e519d64089b0876c7b467274468709dadf11e41d65f63bba207e04217f47c085",
                "sha256:e7229e60ac41a1202444497ddde70a48d33909e484f96eb0da9baf8dc68541df",
                "sha256:ed3ad863b1b40cd1d4bd21e7498329ccaece75db5a5bf58cd3c9f130843e7102",
                "sha256:f0ba29bafd8e7e22920567ce0d232c26d4d47c8b5cf4ed7b562b5db39fa199c5",
                "sha256:fa2ba70284fa42c2a5ecb35e322e68823288a4251f9ba9cc77be04ae15eada68",
                "sha256:fba85b6cd9c39be262fcd23865652920832b61583de2a2ca907dbd8e8a8c81e5"
            ],
            "markers": "python_version >= '3.5'",
            "version": "==6.1"
        },
        "transaction": {
            "hashes": [
                "sha256:0c15ef0b7ff3518357ceea75722a30d974c3f85e11aa5cec5d5a2b6a40cfcf68",
                "sha256:2329a6e6b82d1d8d4de9267ea6ee790532c375e5911d3c7633a234e94a4a0a9e"
            ],
            "version": "==3.0.1"
        },
        "tzlocal": {
            "hashes": [
                "sha256:c736f2540713deb5938d789ca7c3fc25391e9a20803f05b60ec64987cf086559",
                "sha256:f4e6e36db50499e0d92f79b67361041f048e2609d166e93456b50746dc4aef12"
            ],
            "markers": "python_version >= '3.6'",
            "version": "==3.0"
        },
        "urllib3": {
            "hashes": [
                "sha256:39fb8672126159acb139a7718dd10806104dec1e2f0f6c88aab05d17df10c8d4",
                "sha256:f57b4c16c62fa2760b7e3d97c35b255512fb6b59a259730f36ba32ce9f8e342f"
            ],
            "markers": "python_version >= '2.7' and python_version not in '3.0, 3.1, 3.2, 3.3, 3.4' and python_version < '4'",
            "version": "==1.26.6"
        },
        "zc.lockfile": {
            "hashes": [
                "sha256:307ad78227e48be260e64896ec8886edc7eae22d8ec53e4d528ab5537a83203b",
                "sha256:cc33599b549f0c8a248cb72f3bf32d77712de1ff7ee8814312eb6456b42c015f"
            ],
            "version": "==2.0"
        },
        "zconfig": {
            "hashes": [
                "sha256:a28e95a0ae335795747eccad35b2cb708f37d44c7f325e2acb201e98330b16e5",
                "sha256:d36cebe34b49fb2a9123472c8a22dbbf25837f33d31300d391403810cb1557d7"
            ],
            "version": "==3.6.0"
        },
        "zodb": {
            "hashes": [
                "sha256:4654fb543393533291cfbf8adfb4ea2658ff385871d4b926d725508142cb07fe",
                "sha256:b34fe2515c4f18cf247989b891254a64a0835c7d80a450f461efe8fd843e18d0"
            ],
            "index": "pypi",
            "version": "==5.6.0"
        },
        "zodbpickle": {
            "hashes": [
                "sha256:07426bb81f7fee4b872e8298e2e560f5b7696fa43d9640d82c1c8dd2fb75979c",
                "sha256:0c94b57b19afb8a64af489221173d7ae7331ea1085eac24a3b0e1a33d1cd62ea",
                "sha256:13d85de2e050c025571906316e500076d0b7db66f8af716cf803e55b2f4bf116",
                "sha256:14a3044959d98f5bab39c081a2974c1fc40bd8f241cc6c1d838dcd567ce6c8c1",
                "sha256:159cef791efb1614ca827c43f90c667acc946df3ac2a223cf2be170299cbef73",
                "sha256:1c436f2bc74ac8f932bdab0ea418f6faed5794bfc98c066ba57064b5b1247a79",
                "sha256:1c4fd0bca3400124bdb7088fce037b837abf623fc3fe7372a259fba82f2d8e51",
                "sha256:2075aa83989f502a21d0421cfd0940d723e7f444130fb559368f40df2e8f2ff5",
                "sha256:20c072efb83fb640f7b290a41d4cdd012a75962f1424687c407e3e41539416af",
                "sha256:2a1435ffd6b10ee84800f779d89d9f298cf13169f5054cc79a592e5d19a55ace",
                "sha256:3071fe1cf5b801a5b7d6e9fdd08b86dcfe28a0a95b0377c4dc686966e6625ef0",
                "sha256:3c481d1eea5d9c44dd084760bf487b0d9aec28fc5b8d72c0a93305db40971270",
                "sha256:4bdfb9077d080c17fa45917ab807dc2a64b45ead15c8a05f9fab72605fda402a",
                "sha256:5ed8373265d2465055cd2535f8ac278958361a0f6f5c01fbc96e614fbc173396",
                "sha256:61a5351f5a18b45512a90297eefc7eaa4de7c0d2cc7c33a97ad41703dde1bac3",
                "sha256:6475f47fc4e8300ba1ae6291521618f77dc4e625d376c0324d41430ef059a49c",
                "sha256:6d91a079d4d71cbc57a289ffb66f535545bab675f8ba117426a415e66ddeb128",
                "sha256:6fa56012000f855537f485bb5b63fdfcdb0979731e96a44f73671a9c41b65275",
                "sha256:77ee3acfc4fa53f73a7d26a197c0e9a574417aa1fa5baa2dcffb0db64c7ef30c",
                "sha256:8e9d6d7e9b6e422fa9fee3ebade138c487a11943e8a7c530ee1422592c4a85a5",
                "sha256:927e799306598a1891c994a4e5fad9f6c7c7c8cab262dc76ed72b1f381b573d3",
                "sha256:956d258a24999f9ec3058eb8f2cb83189a0eb28960657e33939d14b4d7641ef5",
                "sha256:973e9fd9b476bb22bd30746054c69166b2b25498800a6e8011b527c1f63b3ea5",
                "sha256:99508306afc15fa22265cfa8e6015a447c7ed9e4b2142a77a09037ba6b2fdac5",
                "sha256:a0632c746f4633421f4535276d8843ebe6a3ef31421845dc80d529a73c3d9ba0",
                "sha256:b0039c6d66bec36c1c45293f2b06f48bb8f3700470b53e41e26ba974a843730e",
                "sha256:c041bc2f5b1724d01e81e5a08056cd784235a4e1bbd5dc0b471a1f5594522cfe",
                "sha256:c04d3faa2bf4d5eb802617b30214976b648de8d31a848e130d0ae1081ebcee80",
                "sha256:c5355599f298cca7afa3637f8279cb14a04ff335334dcfc6ef406450d65e29e6",
                "sha256:c7479ddfccd5f3e6d2dd53074e03b111a3841990a439b819811e40ea379159d8",
                "sha256:ca44c619e9a5f9090312f0c2ebd8fea35a971bedde117f6e431266bd7c4d432d",
                "sha256:cfccdc2032f7e6558a2dab79035a23b6a8d81c1437b925777d9aafaf5b0b150d",
                "sha256:d4b1664237527900f0df3a490687e7ae9cf307c5a98f30a7e6bafdcf975719ca",
                "sha256:daae681a52c8243ce00ce0c713fab5a602ecd4a8dcc7ef88afb0afcda3f1a48b",
                "sha256:dd6a89106803ccbb49673f52edce45af7d16a2c8c96364dc44ab290cd61f2932",
                "sha256:e0d9930f46d41f086a763f40a12d014c46bbc5e19e728c8d66d7a06fef616739",
                "sha256:e137b217ae0fe37154844c3484db93467c3ff09de5ea58bbbe357a9e31a327ab",
                "sha256:e4d35648c879802ad1499d177da2f9f23c345ec19e4304d2377ad6ce7f2b6045",
                "sha256:eb12c14cbd04c0c4c97fbfdc0014219f1680e2d16165410eada20b9dff0dc02d",
                "sha256:eccd771516d9dbc902da803331cad83e7a1f0e605a703d0e057c3bfedb892d0c"
            ],
            "version": "==2.0.0"
        },
        "zope.interface": {
            "hashes": [
                "sha256:08f9636e99a9d5410181ba0729e0408d3d8748026ea938f3b970a0249daa8192",
                "sha256:0b465ae0962d49c68aa9733ba92a001b2a0933c317780435f00be7ecb959c702",
                "sha256:0cba8477e300d64a11a9789ed40ee8932b59f9ee05f85276dbb4b59acee5dd09",
                "sha256:0cee5187b60ed26d56eb2960136288ce91bcf61e2a9405660d271d1f122a69a4",
                "sha256:0ea1d73b7c9dcbc5080bb8aaffb776f1c68e807767069b9ccdd06f27a161914a",
                "sha256:0f91b5b948686659a8e28b728ff5e74b1be6bf40cb04704453617e5f1e945ef3",
                "sha256:15e7d1f7a6ee16572e21e3576d2012b2778cbacf75eb4b7400be37455f5ca8bf",
                "sha256:17776ecd3a1fdd2b2cd5373e5ef8b307162f581c693575ec62e7c5399d80794c",
                "sha256:194d0bcb1374ac3e1e023961610dc8f2c78a0f5f634d0c737691e215569e640d",
                "sha256:1c0e316c9add0db48a5b703833881351444398b04111188069a26a61cfb4df78",
                "sha256:205e40ccde0f37496904572035deea747390a8b7dc65146d30b96e2dd1359a83",
                "sha256:273f158fabc5ea33cbc936da0ab3d4ba80ede5351babc4f577d768e057651531",
                "sha256:2876246527c91e101184f63ccd1d716ec9c46519cc5f3d5375a3351c46467c46",
                "sha256:2c98384b254b37ce50eddd55db8d381a5c53b4c10ee66e1e7fe749824f894021",
                "sha256:2e5a26f16503be6c826abca904e45f1a44ff275fdb7e9d1b75c10671c26f8b94",
                "sha256:334701327f37c47fa628fc8b8d28c7d7730ce7daaf4bda1efb741679c2b087fc",
                "sha256:3748fac0d0f6a304e674955ab1365d515993b3a0a865e16a11ec9d86fb307f63",
                "sha256:3c02411a3b62668200910090a0dff17c0b25aaa36145082a5a6adf08fa281e54",
                "sha256:3dd4952748521205697bc2802e4afac5ed4b02909bb799ba1fe239f77fd4e117",
                "sha256:3f24df7124c323fceb53ff6168da70dbfbae1442b4f3da439cd441681f54fe25",
                "sha256:469e2407e0fe9880ac690a3666f03eb4c3c444411a5a5fddfdabc5d184a79f05",
                "sha256:4de4bc9b6d35c5af65b454d3e9bc98c50eb3960d5a3762c9438df57427134b8e",
                "sha256:5208ebd5152e040640518a77827bdfcc73773a15a33d6644015b763b9c9febc1",
                "sha256:52de7fc6c21b419078008f697fd4103dbc763288b1406b4562554bd47514c004",
                "sha256:5bb3489b4558e49ad2c5118137cfeaf59434f9737fa9c5deefc72d22c23822e2",
                "sha256:5dba5f530fec3f0988d83b78cc591b58c0b6eb8431a85edd1569a0539a8a5a0e",
                "sha256:5dd9ca406499444f4c8299f803d4a14edf7890ecc595c8b1c7115c2342cadc5f",
                "sha256:5f931a1c21dfa7a9c573ec1f50a31135ccce84e32507c54e1ea404894c5eb96f",
                "sha256:63b82bb63de7c821428d513607e84c6d97d58afd1fe2eb645030bdc185440120",
                "sha256:66c0061c91b3b9cf542131148ef7ecbecb2690d48d1612ec386de9d36766058f",
                "sha256:6f0c02cbb9691b7c91d5009108f975f8ffeab5dff8f26d62e21c493060eff2a1",
                "sha256:71aace0c42d53abe6fc7f726c5d3b60d90f3c5c055a447950ad6ea9cec2e37d9",
                "sha256:7d97a4306898b05404a0dcdc32d9709b7d8832c0c542b861d9a826301719794e",
                "sha256:7df1e1c05304f26faa49fa752a8c690126cf98b40b91d54e6e9cc3b7d6ffe8b7",
                "sha256:8270252effc60b9642b423189a2fe90eb6b59e87cbee54549db3f5562ff8d1b8",
                "sha256:867a5ad16892bf20e6c4ea2aab1971f45645ff3102ad29bd84c86027fa99997b",
                "sha256:877473e675fdcc113c138813a5dd440da0769a2d81f4d86614e5d62b69497155",
                "sha256:8892f89999ffd992208754851e5a052f6b5db70a1e3f7d54b17c5211e37a98c7",
                "sha256:9a9845c4c6bb56e508651f005c4aeb0404e518c6f000d5a1123ab077ab769f5c",
                "sha256:a1e6e96217a0f72e2b8629e271e1b280c6fa3fe6e59fa8f6701bec14e3354325",
                "sha256:a8156e6a7f5e2a0ff0c5b21d6bcb45145efece1909efcbbbf48c56f8da68221d",
                "sha256:a9506a7e80bcf6eacfff7f804c0ad5350c8c95b9010e4356a4b36f5322f09abb",
                "sha256:af310ec8335016b5e52cae60cda4a4f2a60a788cbb949a4fbea13d441aa5a09e",
                "sha256:b0297b1e05fd128d26cc2460c810d42e205d16d76799526dfa8c8ccd50e74959",
                "sha256:bf68f4b2b6683e52bec69273562df15af352e5ed25d1b6641e7efddc5951d1a7",
                "sha256:d0c1bc2fa9a7285719e5678584f6b92572a5b639d0e471bb8d4b650a1a910920",
                "sha256:d4d9d6c1a455d4babd320203b918ccc7fcbefe308615c521062bc2ba1aa4d26e",
                "sha256:db1fa631737dab9fa0b37f3979d8d2631e348c3b4e8325d6873c2541d0ae5a48",
                "sha256:dd93ea5c0c7f3e25335ab7d22a507b1dc43976e1345508f845efc573d3d779d8",
                "sha256:f44e517131a98f7a76696a7b21b164bcb85291cee106a23beccce454e1f433a4",
                "sha256:f7ee479e96f7ee350db1cf24afa5685a5899e2b34992fb99e1f7c1b0b758d263"
            ],
            "markers": "python_version >= '2.7' and python_version not in '3.0, 3.1, 3.2, 3.3, 3.4'",
            "version": "==5.4.0"
        }
    },
    "develop": {
        "astroid": {
            "hashes": [
                "sha256:3b680ce0419b8a771aba6190139a3998d14b413852506d99aff8dc2bf65ee67c",
                "sha256:dc1e8b28427d6bbef6b8842b18765ab58f558c42bb80540bd7648c98412af25e"
            ],
            "markers": "python_version ~= '3.6'",
            "version": "==2.7.3"
        },
        "autopep8": {
            "hashes": [
                "sha256:276ced7e9e3cb22e5d7c14748384a5cf5d9002257c0ed50c0e075b68011bb6d0",
                "sha256:aa213493c30dcdac99537249ee65b24af0b2c29f2e83cd8b3f68760441ed0db9"
            ],
            "index": "pypi",
            "version": "==1.5.7"
        },
        "isort": {
            "hashes": [
                "sha256:9c2ea1e62d871267b78307fe511c0838ba0da28698c5732d54e2790bf3ba9899",
                "sha256:e17d6e2b81095c9db0a03a8025a957f334d6ea30b26f9ec70805411e5c7c81f2"
            ],
            "markers": "python_version < '4.0' and python_full_version >= '3.6.1'",
            "version": "==5.9.3"
        },
        "lazy-object-proxy": {
            "hashes": [
                "sha256:17e0967ba374fc24141738c69736da90e94419338fd4c7c7bef01ee26b339653",
                "sha256:1fee665d2638491f4d6e55bd483e15ef21f6c8c2095f235fef72601021e64f61",
                "sha256:22ddd618cefe54305df49e4c069fa65715be4ad0e78e8d252a33debf00f6ede2",
                "sha256:24a5045889cc2729033b3e604d496c2b6f588c754f7a62027ad4437a7ecc4837",
                "sha256:410283732af311b51b837894fa2f24f2c0039aa7f220135192b38fcc42bd43d3",
                "sha256:4732c765372bd78a2d6b2150a6e99d00a78ec963375f236979c0626b97ed8e43",
                "sha256:489000d368377571c6f982fba6497f2aa13c6d1facc40660963da62f5c379726",
                "sha256:4f60460e9f1eb632584c9685bccea152f4ac2130e299784dbaf9fae9f49891b3",
                "sha256:5743a5ab42ae40caa8421b320ebf3a998f89c85cdc8376d6b2e00bd12bd1b587",
                "sha256:85fb7608121fd5621cc4377a8961d0b32ccf84a7285b4f1d21988b2eae2868e8",
                "sha256:9698110e36e2df951c7c36b6729e96429c9c32b3331989ef19976592c5f3c77a",
                "sha256:9d397bf41caad3f489e10774667310d73cb9c4258e9aed94b9ec734b34b495fd",
                "sha256:b579f8acbf2bdd9ea200b1d5dea36abd93cabf56cf626ab9c744a432e15c815f",
                "sha256:b865b01a2e7f96db0c5d12cfea590f98d8c5ba64ad222300d93ce6ff9138bcad",
                "sha256:bf34e368e8dd976423396555078def5cfc3039ebc6fc06d1ae2c5a65eebbcde4",
                "sha256:c6938967f8528b3668622a9ed3b31d145fab161a32f5891ea7b84f6b790be05b",
                "sha256:d1c2676e3d840852a2de7c7d5d76407c772927addff8d742b9808fe0afccebdf",
                "sha256:d7124f52f3bd259f510651450e18e0fd081ed82f3c08541dffc7b94b883aa981",
                "sha256:d900d949b707778696fdf01036f58c9876a0d8bfe116e8d220cfd4b15f14e741",
                "sha256:ebfd274dcd5133e0afae738e6d9da4323c3eb021b3e13052d8cbd0e457b1256e",
                "sha256:ed361bb83436f117f9917d282a456f9e5009ea12fd6de8742d1a4752c3017e93",
                "sha256:f5144c75445ae3ca2057faac03fda5a902eff196702b0a24daf1d6ce0650514b"
            ],
            "markers": "python_version >= '2.7' and python_version not in '3.0, 3.1, 3.2, 3.3, 3.4, 3.5'",
            "version": "==1.6.0"
        },
        "mccabe": {
            "hashes": [
                "sha256:ab8a6258860da4b6677da4bd2fe5dc2c659cff31b3ee4f7f5d64e79735b80d42",
                "sha256:dd8d182285a0fe56bace7f45b5e7d1a6ebcbf524e8f3bd87eb0f125271b8831f"
            ],
            "version": "==0.6.1"
        },
        "platformdirs": {
            "hashes": [
                "sha256:15b056538719b1c94bdaccb29e5f81879c7f7f0f4a153f46086d155dffcd4f0f",
                "sha256:8003ac87717ae2c7ee1ea5a84a1a61e87f3fbd16eb5aadba194ea30a9019f648"
            ],
            "markers": "python_version >= '3.6'",
            "version": "==2.3.0"
        },
        "pycodestyle": {
            "hashes": [
                "sha256:514f76d918fcc0b55c6680472f0a37970994e07bbb80725808c17089be302068",
                "sha256:c389c1d06bf7904078ca03399a4816f974a1d590090fecea0c63ec26ebaf1cef"
            ],
            "markers": "python_version >= '2.7' and python_version not in '3.0, 3.1, 3.2, 3.3'",
            "version": "==2.7.0"
        },
        "pylint": {
            "hashes": [
                "sha256:6758cce3ddbab60c52b57dcc07f0c5d779e5daf0cf50f6faacbef1d3ea62d2a1",
                "sha256:e178e96b6ba171f8ef51fbce9ca30931e6acbea4a155074d80cc081596c9e852"
            ],
            "index": "pypi",
            "version": "==2.10.2"
        },
        "toml": {
            "hashes": [
                "sha256:806143ae5bfb6a3c6e736a764057db0e6a0e05e338b5630894a5f779cabb4f9b",
                "sha256:b3bda1d108d5dd99f4a20d24d9c348e91c4db7ab1b749200bded2f839ccbe68f"
            ],
            "markers": "python_version >= '2.6' and python_version not in '3.0, 3.1, 3.2, 3.3'",
            "version": "==0.10.2"
        },
        "wrapt": {
            "hashes": [
                "sha256:b62ffa81fb85f4332a4f609cab4ac40709470da05643a082ec1eb88e6d9b97d7"
            ],
            "version": "==1.12.1"
        }
    }
}
